
Microsoft Visual Studio Solution File, Format Version 12.00
# Visual Studio Version 17
VisualStudioVersion = 17.5.33424.131
MinimumVisualStudioVersion = 10.0.40219.1
Project("{9A19103F-16F7-4668-BE54-9A1E7A4F7556}") = "DesignPatternsExamples.Observer", "DesignPatternsExamples.Observer\DesignPatternsExamples.Observer.csproj", "{0234612B-44D8-4330-AC9C-2DEF9D8BBDAA}"
EndProject
Project("{9A19103F-16F7-4668-BE54-9A1E7A4F7556}") = "DesignPatternsExamples.Proxy", "DesignPatternsExamples.Proxy\DesignPatternsExamples.Proxy.csproj", "{EA237C36-E4D7-4A08-9225-0D9267EDEB2D}"
EndProject
Project("{9A19103F-16F7-4668-BE54-9A1E7A4F7556}") = "DesignPatternsExamples.Strategy", "DesignPatternsExamples.Strategy\DesignPatternsExamples.Strategy.csproj", "{59675B9C-1A8F-4865-BE2D-4519DF91B301}"
EndProject
Project("{9A19103F-16F7-4668-BE54-9A1E7A4F7556}") = "DesignPatternsExamples.Adapter", "DesignPatternsExamples.Adapter\DesignPatternsExamples.Adapter.csproj", "{8AF2E7DB-1F3B-4C05-A4F1-F164B6F4C15B}"
EndProject
Project("{9A19103F-16F7-4668-BE54-9A1E7A4F7556}") = "DesignPatternsExamples.Decorator", "DesignPatternsExamples.Decorator\DesignPatternsExamples.Decorator.csproj", "{12F60D1D-7182-432C-88F0-64256E6B11BA}"
EndProject
Project("{9A19103F-16F7-4668-BE54-9A1E7A4F7556}") = "DesignPatternsExamples.Singleton", "DesignPatternsExamples.Singleton\DesignPatternsExamples.Singleton.csproj", "{9CCB31FB-B440-4066-AA77-64E855F83B23}"
EndProject
Project("{9A19103F-16F7-4668-BE54-9A1E7A4F7556}") = "DesignPatternsExamples.Builder", "DesignPatternsExamples.Builder\DesignPatternsExamples.Builder.csproj", "{2C80FAF2-C63A-4066-A063-B8CB5DDF833F}"
EndProject
Project("{9A19103F-16F7-4668-BE54-9A1E7A4F7556}") = "DesignPatternsExamples.Mvc", "DesignPatternsExamples.Mvc\DesignPatternsExamples.Mvc.csproj", "{F81DA231-054A-4A3E-A311-0F2091F58C06}"
EndProject
Project("{9A19103F-16F7-4668-BE54-9A1E7A4F7556}") = "DesignPatternsExamples.Bridge", "DesignPatternsExamples.Bridge\DesignPatternsExamples.Bridge.csproj", "{7DE11A4D-95A8-4F30-92DB-3B3C33C2F462}"
EndProject
Project("{FAE04EC0-301F-11D3-BF4B-00C04F79EFBC}") = "DesignPatternsExamples.Repository-UOW", "DesignPatternsExamples.Repository-UOW\DesignPatternsExamples.Repository-UOW.csproj", "{527A78D5-C4CD-4844-A0D6-621EA99410C4}"
EndProject
Global
	GlobalSection(SolutionConfigurationPlatforms) = preSolution
		Debug|Any CPU = Debug|Any CPU
		Release|Any CPU = Release|Any CPU
	EndGlobalSection
	GlobalSection(ProjectConfigurationPlatforms) = postSolution
		{0234612B-44D8-4330-AC9C-2DEF9D8BBDAA}.Debug|Any CPU.ActiveCfg = Debug|Any CPU
		{0234612B-44D8-4330-AC9C-2DEF9D8BBDAA}.Debug|Any CPU.Build.0 = Debug|Any CPU
		{0234612B-44D8-4330-AC9C-2DEF9D8BBDAA}.Release|Any CPU.ActiveCfg = Release|Any CPU
		{0234612B-44D8-4330-AC9C-2DEF9D8BBDAA}.Release|Any CPU.Build.0 = Release|Any CPU
		{EA237C36-E4D7-4A08-9225-0D9267EDEB2D}.Debug|Any CPU.ActiveCfg = Debug|Any CPU
		{EA237C36-E4D7-4A08-9225-0D9267EDEB2D}.Debug|Any CPU.Build.0 = Debug|Any CPU
		{EA237C36-E4D7-4A08-9225-0D9267EDEB2D}.Release|Any CPU.ActiveCfg = Release|Any CPU
		{EA237C36-E4D7-4A08-9225-0D9267EDEB2D}.Release|Any CPU.Build.0 = Release|Any CPU
		{59675B9C-1A8F-4865-BE2D-4519DF91B301}.Debug|Any CPU.ActiveCfg = Debug|Any CPU
		{59675B9C-1A8F-4865-BE2D-4519DF91B301}.Debug|Any CPU.Build.0 = Debug|Any CPU
		{59675B9C-1A8F-4865-BE2D-4519DF91B301}.Release|Any CPU.ActiveCfg = Release|Any CPU
		{59675B9C-1A8F-4865-BE2D-4519DF91B301}.Release|Any CPU.Build.0 = Release|Any CPU
		{8AF2E7DB-1F3B-4C05-A4F1-F164B6F4C15B}.Debug|Any CPU.ActiveCfg = Debug|Any CPU
		{8AF2E7DB-1F3B-4C05-A4F1-F164B6F4C15B}.Debug|Any CPU.Build.0 = Debug|Any CPU
		{8AF2E7DB-1F3B-4C05-A4F1-F164B6F4C15B}.Release|Any CPU.ActiveCfg = Release|Any CPU
		{8AF2E7DB-1F3B-4C05-A4F1-F164B6F4C15B}.Release|Any CPU.Build.0 = Release|Any CPU
		{12F60D1D-7182-432C-88F0-64256E6B11BA}.Debug|Any CPU.ActiveCfg = Debug|Any CPU
		{12F60D1D-7182-432C-88F0-64256E6B11BA}.Debug|Any CPU.Build.0 = Debug|Any CPU
		{12F60D1D-7182-432C-88F0-64256E6B11BA}.Release|Any CPU.ActiveCfg = Release|Any CPU
		{12F60D1D-7182-432C-88F0-64256E6B11BA}.Release|Any CPU.Build.0 = Release|Any CPU
		{9CCB31FB-B440-4066-AA77-64E855F83B23}.Debug|Any CPU.ActiveCfg = Debug|Any CPU
		{9CCB31FB-B440-4066-AA77-64E855F83B23}.Debug|Any CPU.Build.0 = Debug|Any CPU
		{9CCB31FB-B440-4066-AA77-64E855F83B23}.Release|Any CPU.ActiveCfg = Release|Any CPU
		{9CCB31FB-B440-4066-AA77-64E855F83B23}.Release|Any CPU.Build.0 = Release|Any CPU
		{2C80FAF2-C63A-4066-A063-B8CB5DDF833F}.Debug|Any CPU.ActiveCfg = Debug|Any CPU
		{2C80FAF2-C63A-4066-A063-B8CB5DDF833F}.Debug|Any CPU.Build.0 = Debug|Any CPU
		{2C80FAF2-C63A-4066-A063-B8CB5DDF833F}.Release|Any CPU.ActiveCfg = Release|Any CPU
		{2C80FAF2-C63A-4066-A063-B8CB5DDF833F}.Release|Any CPU.Build.0 = Release|Any CPU
		{F81DA231-054A-4A3E-A311-0F2091F58C06}.Debug|Any CPU.ActiveCfg = Debug|Any CPU
		{F81DA231-054A-4A3E-A311-0F2091F58C06}.Debug|Any CPU.Build.0 = Debug|Any CPU
		{F81DA231-054A-4A3E-A311-0F2091F58C06}.Release|Any CPU.ActiveCfg = Release|Any CPU
		{F81DA231-054A-4A3E-A311-0F2091F58C06}.Release|Any CPU.Build.0 = Release|Any CPU
		{7DE11A4D-95A8-4F30-92DB-3B3C33C2F462}.Debug|Any CPU.ActiveCfg = Debug|Any CPU
		{7DE11A4D-95A8-4F30-92DB-3B3C33C2F462}.Debug|Any CPU.Build.0 = Debug|Any CPU
		{7DE11A4D-95A8-4F30-92DB-3B3C33C2F462}.Release|Any CPU.ActiveCfg = Release|Any CPU
		{7DE11A4D-95A8-4F30-92DB-3B3C33C2F462}.Release|Any CPU.Build.0 = Release|Any CPU
		{527A78D5-C4CD-4844-A0D6-621EA99410C4}.Debug|Any CPU.ActiveCfg = Debug|Any CPU
		{527A78D5-C4CD-4844-A0D6-621EA99410C4}.Debug|Any CPU.Build.0 = Debug|Any CPU
		{527A78D5-C4CD-4844-A0D6-621EA99410C4}.Release|Any CPU.ActiveCfg = Release|Any CPU
		{527A78D5-C4CD-4844-A0D6-621EA99410C4}.Release|Any CPU.Build.0 = Release|Any CPU
	EndGlobalSection
	GlobalSection(SolutionProperties) = preSolution
		HideSolutionNode = FALSE
	EndGlobalSection
	GlobalSection(ExtensibilityGlobals) = postSolution
		SolutionGuid = {F02D771F-DEB5-4ACA-9AD4-AFDD7B536520}
	EndGlobalSection
EndGlobal
